
Microsoft Visual Studio Solution File, Format Version 12.00
# Visual Studio 15
VisualStudioVersion = 15.0.27428.2027
MinimumVisualStudioVersion = 10.0.40219.1
Project("{9092AA53-FB77-4645-B42D-1CCCA6BD08BD}") = "Sample3", "Sample3\Sample3.njsproj", "{AD3831F3-CE93-4964-8517-CEC9E7665709}"
EndProject
Global
	GlobalSection(SolutionConfigurationPlatforms) = preSolution
		Debug|Any CPU = Debug|Any CPU
		Release|Any CPU = Release|Any CPU
	EndGlobalSection
	GlobalSection(ProjectConfigurationPlatforms) = postSolution
		{AD3831F3-CE93-4964-8517-CEC9E7665709}.Debug|Any CPU.ActiveCfg = Debug|Any CPU
		{AD3831F3-CE93-4964-8517-CEC9E7665709}.Debug|Any CPU.Build.0 = Debug|Any CPU
		{AD3831F3-CE93-4964-8517-CEC9E7665709}.Release|Any CPU.ActiveCfg = Release|Any CPU
		{AD3831F3-CE93-4964-8517-CEC9E7665709}.Release|Any CPU.Build.0 = Release|Any CPU
	EndGlobalSection
	GlobalSection(SolutionProperties) = preSolution
		HideSolutionNode = FALSE
	EndGlobalSection
	GlobalSection(ExtensibilityGlobals) = postSolution
		SolutionGuid = {BCFA246E-714A-4610-AD79-207725662623}
	EndGlobalSection
EndGlobal
